#MicroXplorer Configuration settings - do not modify
#Fri Nov 21 16:33:24 CST 2014
File.Version=4
KeepUserPlacement=false
Mcu.Family=STM32F3
Mcu.IP0=NVIC
Mcu.IP1=RCC
Mcu.IP2=SYS
Mcu.IP3=USB
Mcu.IP4=USB_DEVICE
Mcu.IPNb=5
Mcu.Name=STM32F302R(B-C)Tx
Mcu.Package=LQFP64
Mcu.Pin0=PA11
Mcu.Pin1=PA12
Mcu.Pin2=PA13
Mcu.Pin3=PA14
Mcu.Pin4=VP_USB_DEVICE_VS_USB_DEVICE_HID_FS
Mcu.PinsNb=5
Mcu.UserName=STM32F302RCTx
NVIC.PriorityGroup=NVIC_PRIORITYGROUP_0
NVIC.SysTick_IRQn=true\:0\:0
NVIC.USB_LP_CAN_RX0_IRQn=true\:0\:0
PA11.Mode=Device
PA11.Signal=USB_DM
PA12.Mode=Device
PA12.Signal=USB_DP
PA13.Mode=Serial-Wire
PA13.Signal=SYS_JTMS-SWDIO
PA14.Mode=Serial-Wire
PA14.Signal=SYS_JTCK-SWCLK
PCC.Family=STM32F3
PCC.MCU=STM32F302R(B-C)Tx
PCC.MXVersion=4.3.1
PCC.PartNumber=STM32F302RCTx
PCC.Seq0=0
PCC.SubFamily=STM32F302
PCC.Temperature=25
PCC.Vdd=3.6
ProjectManager.AskForMigrate=true
ProjectManager.BackupPrevious=false
ProjectManager.CompilerOptimize=2
ProjectManager.ComputerToolchain=false
ProjectManager.CoupleFile=true
ProjectManager.DeletePrevious=true
ProjectManager.DeviceId=STM32F302RCTx
ProjectManager.FirmwarePackage=STM32Cube FW_F3 V1.0.0
ProjectManager.FreePins=false
ProjectManager.HalAssertFull=false
ProjectManager.KeepUserCode=true
ProjectManager.LastFirmware=true
ProjectManager.LibraryCopy=0
ProjectManager.ProjectBuild=false
ProjectManager.ProjectFileName=ScorpionOne.ioc
ProjectManager.ProjectName=ScorpionOne
ProjectManager.TargetToolchain=EWARM 6.70
RCC.APB1CLKDivider=RCC_HCLK_DIV2
RCC.FamilyName=M
RCC.HSE_VALUE=8000000
RCC.HSI_VALUE=8000000
RCC.IPParameters=,FamilyName,LSE_VALUE,SYSCLKSource,APB1CLKDivider,HSE_VALUE,PLLMUL,HSI_VALUE,LSI_VALUE
RCC.LSE_VALUE=32768
RCC.LSI_VALUE=40000
RCC.PLLMUL=RCC_PLL_MUL12
RCC.SYSCLKSource=RCC_SYSCLKSOURCE_PLLCLK
USB.IPParameters=ep0_mps
USB.ep0_mps=DEP0CTL_MPS_64
USB_DEVICE.IPParameters=VirtualModeFS,VirtualMode,USBD_HandleTypeDef
USB_DEVICE.USBD_HandleTypeDef=hUsbDeviceFS
USB_DEVICE.VirtualMode=Hid
USB_DEVICE.VirtualModeFS=Hid_FS
VP_USB_DEVICE_VS_USB_DEVICE_HID_FS.Mode=HID_FS
VP_USB_DEVICE_VS_USB_DEVICE_HID_FS.Signal=USB_DEVICE_VS_USB_DEVICE_HID_FS
